
Microsoft Visual Studio Solution File, Format Version 12.00
# Visual Studio 2013
VisualStudioVersion = 12.0.31101.0
MinimumVisualStudioVersion = 10.0.40219.1
Project("{FAE04EC0-301F-11D3-BF4B-00C04F79EFBC}") = "Stockify", "Stockify\Stockify.csproj", "{CEC41EC7-2BFD-42C1-A19C-E1BE14F4A3CC}"
EndProject
Global
	GlobalSection(SolutionConfigurationPlatforms) = preSolution
		Debug|Any CPU = Debug|Any CPU
		Release|Any CPU = Release|Any CPU
	EndGlobalSection
	GlobalSection(ProjectConfigurationPlatforms) = postSolution
		{CEC41EC7-2BFD-42C1-A19C-E1BE14F4A3CC}.Debug|Any CPU.ActiveCfg = Debug|Any CPU
		{CEC41EC7-2BFD-42C1-A19C-E1BE14F4A3CC}.Debug|Any CPU.Build.0 = Debug|Any CPU
		{CEC41EC7-2BFD-42C1-A19C-E1BE14F4A3CC}.Release|Any CPU.ActiveCfg = Release|Any CPU
		{CEC41EC7-2BFD-42C1-A19C-E1BE14F4A3CC}.Release|Any CPU.Build.0 = Release|Any CPU
	EndGlobalSection
	GlobalSection(SolutionProperties) = preSolution
		HideSolutionNode = FALSE
	EndGlobalSection
EndGlobal
